
Microsoft Visual Studio Solution File, Format Version 12.00
# Visual Studio Version 17
VisualStudioVersion = 17.14.36301.6
MinimumVisualStudioVersion = 10.0.40219.1
Project("{FAE04EC0-301F-11D3-BF4B-00C04F79EFBC}") = "TimeTravel", "TimeTravel\TimeTravel.csproj", "{919CBCFC-EBA2-4985-845C-135191F1EC99}"
EndProject
Project("{FAE04EC0-301F-11D3-BF4B-00C04F79EFBC}") = "TimeTravel.Tests", "TimeTravel.Tests\TimeTravel.Tests.csproj", "{94E4B2C3-C6F2-45CF-AAB8-933CD734DF55}"
EndProject
Global
	GlobalSection(SolutionConfigurationPlatforms) = preSolution
		Debug|Any CPU = Debug|Any CPU
		Release|Any CPU = Release|Any CPU
	EndGlobalSection
	GlobalSection(ProjectConfigurationPlatforms) = postSolution
		{919CBCFC-EBA2-4985-845C-135191F1EC99}.Debug|Any CPU.ActiveCfg = Debug|Any CPU
		{919CBCFC-EBA2-4985-845C-135191F1EC99}.Debug|Any CPU.Build.0 = Debug|Any CPU
		{919CBCFC-EBA2-4985-845C-135191F1EC99}.Release|Any CPU.ActiveCfg = Release|Any CPU
		{919CBCFC-EBA2-4985-845C-135191F1EC99}.Release|Any CPU.Build.0 = Release|Any CPU
		{94E4B2C3-C6F2-45CF-AAB8-933CD734DF55}.Debug|Any CPU.ActiveCfg = Debug|Any CPU
		{94E4B2C3-C6F2-45CF-AAB8-933CD734DF55}.Debug|Any CPU.Build.0 = Debug|Any CPU
		{94E4B2C3-C6F2-45CF-AAB8-933CD734DF55}.Release|Any CPU.ActiveCfg = Release|Any CPU
		{94E4B2C3-C6F2-45CF-AAB8-933CD734DF55}.Release|Any CPU.Build.0 = Release|Any CPU
	EndGlobalSection
	GlobalSection(SolutionProperties) = preSolution
		HideSolutionNode = FALSE
	EndGlobalSection
	GlobalSection(ExtensibilityGlobals) = postSolution
		SolutionGuid = {B9979F91-98DD-4A68-973D-A99616A5A2DD}
	EndGlobalSection
EndGlobal
